
Microsoft Visual Studio Solution File, Format Version 12.00
# Visual Studio 15
VisualStudioVersion = 15.0.28307.757
MinimumVisualStudioVersion = 10.0.40219.1
Project("{FAE04EC0-301F-11D3-BF4B-00C04F79EFBC}") = "PictureViewer", "PictureViewer\PictureViewer.csproj", "{1763E50B-AEA1-429C-9EA2-677DDD682AD7}"
EndProject
Global
	GlobalSection(SolutionConfigurationPlatforms) = preSolution
		Debug|Any CPU = Debug|Any CPU
		Release|Any CPU = Release|Any CPU
	EndGlobalSection
	GlobalSection(ProjectConfigurationPlatforms) = postSolution
		{1763E50B-AEA1-429C-9EA2-677DDD682AD7}.Debug|Any CPU.ActiveCfg = Debug|Any CPU
		{1763E50B-AEA1-429C-9EA2-677DDD682AD7}.Debug|Any CPU.Build.0 = Debug|Any CPU
		{1763E50B-AEA1-429C-9EA2-677DDD682AD7}.Release|Any CPU.ActiveCfg = Release|Any CPU
		{1763E50B-AEA1-429C-9EA2-677DDD682AD7}.Release|Any CPU.Build.0 = Release|Any CPU
	EndGlobalSection
	GlobalSection(SolutionProperties) = preSolution
		HideSolutionNode = FALSE
	EndGlobalSection
	GlobalSection(ExtensibilityGlobals) = postSolution
		SolutionGuid = {C0FFCEC6-3AD4-44E0-9CA2-F292B98EE092}
	EndGlobalSection
EndGlobal
