
Microsoft Visual Studio Solution File, Format Version 12.00
# Visual Studio 15
VisualStudioVersion = 15.0.28010.2003
MinimumVisualStudioVersion = 10.0.40219.1
Project("{FAE04EC0-301F-11D3-BF4B-00C04F79EFBC}") = "Platformer", "Platformer\Platformer.csproj", "{BE63D964-1441-40AB-833F-87959028357E}"
EndProject
Global
	GlobalSection(SolutionConfigurationPlatforms) = preSolution
		Debug|Any CPU = Debug|Any CPU
		Release|Any CPU = Release|Any CPU
	EndGlobalSection
	GlobalSection(ProjectConfigurationPlatforms) = postSolution
		{BE63D964-1441-40AB-833F-87959028357E}.Debug|Any CPU.ActiveCfg = Debug|Any CPU
		{BE63D964-1441-40AB-833F-87959028357E}.Debug|Any CPU.Build.0 = Debug|Any CPU
		{BE63D964-1441-40AB-833F-87959028357E}.Release|Any CPU.ActiveCfg = Release|Any CPU
		{BE63D964-1441-40AB-833F-87959028357E}.Release|Any CPU.Build.0 = Release|Any CPU
	EndGlobalSection
	GlobalSection(SolutionProperties) = preSolution
		HideSolutionNode = FALSE
	EndGlobalSection
	GlobalSection(ExtensibilityGlobals) = postSolution
		SolutionGuid = {C660F2BC-7619-447C-A250-9F2E0154AADC}
	EndGlobalSection
EndGlobal
